{
    "_readme": [
        "This file locks the dependencies of your project to a known state",
        "Read more about it at http://getcomposer.org/doc/01-basic-usage.md#composer-lock-the-lock-file",
        "This file is @generated automatically"
    ],
    "hash": "3f142526b7d283cbe93ae18f8b0c8c80",
    "packages": [
        {
            "name": "braintree/braintree_php",
            "version": "2.27.2",
            "source": {
                "type": "git",
                "url": "https://github.com/braintree/braintree_php.git",
                "reference": "0ce259f76436455715fdaf47c0efae91790f26ed"
            },
            "dist": {
                "type": "zip",
                "url": "https://api.github.com/repos/braintree/braintree_php/zipball/0ce259f76436455715fdaf47c0efae91790f26ed",
                "reference": "0ce259f76436455715fdaf47c0efae91790f26ed",
                "shasum": ""
            },
            "require": {
                "ext-curl": "*",
                "ext-dom": "*",
                "ext-hash": "*",
                "ext-openssl": "*",
                "ext-simplexml": "*",
                "ext-xmlwriter": "*",
                "php": ">=5.2.1"
            },
            "require-dev": {
                "phpunit/phpunit": "3.7.*"
            },
            "type": "library",
            "autoload": {
                "psr-0": {
                    "Braintree": "lib"
                }
            },
            "notification-url": "https://packagist.org/downloads/",
            "license": [
                "MIT"
            ],
            "authors": [
                {
                    "name": "Braintree",
                    "homepage": "http://www.braintreepayments.com"
                }
            ],
            "description": "Braintree PHP Client Library",
            "time": "2014-05-12 18:45:31"
        }
    ],
    "packages-dev": [

    ],
    "aliases": [

    ],
    "minimum-stability": "stable",
    "stability-flags": [

    ],
    "platform": [

    ],
    "platform-dev": [

    ]
}
